{
  "name": "primer-product",
  "version": "5.6.4",
  "lockfileVersion": 1,
  "requires": true,
  "dependencies": {
    "primer-alerts": {
      "version": "1.5.7",
      "requires": {
        "primer-support": "4.5.4"
      },
      "dependencies": {
        "primer-support": {
          "version": "4.5.4",
          "bundled": true
        }
      }
    },
    "primer-avatars": {
      "version": "1.5.4",
      "requires": {
        "primer-support": "4.5.4"
      },
      "dependencies": {
        "primer-support": {
          "version": "4.5.4",
          "bundled": true
        }
      }
    },
    "primer-blankslate": {
      "version": "1.4.7",
      "requires": {
        "primer-support": "4.5.4"
      },
      "dependencies": {
        "primer-support": {
          "version": "4.5.4",
          "bundled": true
        }
      }
    },
    "primer-branch-name": {
      "version": "1.0.5",
      "requires": {
        "primer-support": "4.5.4"
      },
      "dependencies": {
        "primer-support": {
          "version": "4.5.4",
          "bundled": true
        }
      }
    },
    "primer-labels": {
      "version": "1.5.7",
      "requires": {
        "primer-support": "4.5.4"
      },
      "dependencies": {
        "primer-support": {
          "version": "4.5.4",
          "bundled": true
        }
      }
    },
    "primer-markdown": {
      "version": "3.7.7",
      "requires": {
        "primer-support": "4.5.4"
      },
      "dependencies": {
        "primer-support": {
          "version": "4.5.4",
          "bundled": true
        }
      }
    },
    "primer-popover": {
      "version": "0.1.1",
      "requires": {
        "primer-support": "4.5.4"
      },
      "dependencies": {
        "primer-support": {
          "version": "4.5.4",
          "bundled": true
        }
      }
    },
    "primer-subhead": {
      "version": "1.0.5",
      "requires": {
        "primer-support": "4.5.4"
      },
      "dependencies": {
        "primer-support": {
          "version": "4.5.4",
          "bundled": true
        }
      }
    },
    "primer-support": {
      "version": "4.5.4"
    }
  }
}
