{
  "name": "primer-product",
  "version": "5.6.2",
  "lockfileVersion": 1,
  "requires": true,
  "dependencies": {
    "primer-alerts": {
      "version": "1.5.5",
      "requires": {
        "primer-support": "4.5.2"
      },
      "dependencies": {
        "primer-support": {
          "version": "4.5.2",
          "bundled": true
        }
      }
    },
    "primer-avatars": {
      "version": "1.5.2",
      "requires": {
        "primer-support": "4.5.2"
      },
      "dependencies": {
        "primer-support": {
          "version": "4.5.2",
          "bundled": true
        }
      }
    },
    "primer-blankslate": {
      "version": "1.4.5",
      "requires": {
        "primer-support": "4.5.2"
      },
      "dependencies": {
        "primer-support": {
          "version": "4.5.2",
          "bundled": true
        }
      }
    },
    "primer-branch-name": {
      "version": "1.0.3",
      "requires": {
        "primer-support": "4.5.2"
      },
      "dependencies": {
        "primer-support": {
          "version": "4.5.2",
          "bundled": true
        }
      }
    },
    "primer-labels": {
      "version": "1.5.5",
      "requires": {
        "primer-support": "4.5.2"
      },
      "dependencies": {
        "primer-support": {
          "version": "4.5.2",
          "bundled": true
        }
      }
    },
    "primer-markdown": {
      "version": "3.7.5",
      "requires": {
        "primer-support": "4.5.2"
      },
      "dependencies": {
        "primer-support": {
          "version": "4.5.2",
          "bundled": true
        }
      }
    },
    "primer-popover": {
      "version": "0.0.6",
      "requires": {
        "primer-support": "4.5.2"
      },
      "dependencies": {
        "primer-support": {
          "version": "4.5.2",
          "bundled": true
        }
      }
    },
    "primer-subhead": {
      "version": "1.0.3",
      "requires": {
        "primer-support": "4.5.2"
      },
      "dependencies": {
        "primer-support": {
          "version": "4.5.2",
          "bundled": true
        }
      }
    },
    "primer-support": {
      "version": "4.5.2"
    }
  }
}
