{
  "name": "primer",
  "version": "10.4.0",
  "lockfileVersion": 1,
  "requires": true,
  "dependencies": {
    "primer-alerts": {
      "version": "1.5.5",
      "requires": {
        "primer-support": "4.5.2"
      },
      "dependencies": {
        "primer-support": {
          "version": "4.5.2",
          "bundled": true
        }
      }
    },
    "primer-avatars": {
      "version": "1.5.2",
      "requires": {
        "primer-support": "4.5.2"
      },
      "dependencies": {
        "primer-support": {
          "version": "4.5.2",
          "bundled": true
        }
      }
    },
    "primer-base": {
      "version": "1.7.0",
      "requires": {
        "primer-support": "4.5.2"
      },
      "dependencies": {
        "primer-support": {
          "version": "4.5.2",
          "bundled": true
        }
      }
    },
    "primer-blankslate": {
      "version": "1.4.5",
      "requires": {
        "primer-support": "4.5.2"
      },
      "dependencies": {
        "primer-support": {
          "version": "4.5.2",
          "bundled": true
        }
      }
    },
    "primer-box": {
      "version": "2.5.5",
      "requires": {
        "primer-support": "4.5.2"
      },
      "dependencies": {
        "primer-support": {
          "version": "4.5.2",
          "bundled": true
        }
      }
    },
    "primer-branch-name": {
      "version": "1.0.3",
      "requires": {
        "primer-support": "4.5.2"
      },
      "dependencies": {
        "primer-support": {
          "version": "4.5.2",
          "bundled": true
        }
      }
    },
    "primer-breadcrumb": {
      "version": "1.5.1",
      "requires": {
        "primer-support": "4.5.2"
      },
      "dependencies": {
        "primer-support": {
          "version": "4.5.2",
          "bundled": true
        }
      }
    },
    "primer-buttons": {
      "version": "2.5.3",
      "requires": {
        "primer-support": "4.5.2"
      },
      "dependencies": {
        "primer-support": {
          "version": "4.5.2",
          "bundled": true
        }
      }
    },
    "primer-core": {
      "version": "6.8.0",
      "requires": {
        "primer-base": "1.7.0",
        "primer-box": "2.5.5",
        "primer-breadcrumb": "1.5.1",
        "primer-buttons": "2.5.3",
        "primer-forms": "2.1.0",
        "primer-layout": "1.4.5",
        "primer-navigation": "1.5.3",
        "primer-support": "4.5.2",
        "primer-table-object": "1.4.5",
        "primer-tooltips": "1.5.3",
        "primer-truncate": "1.4.5",
        "primer-utilities": "4.9.0"
      },
      "dependencies": {
        "primer-base": {
          "version": "1.7.0",
          "bundled": true,
          "requires": {
            "primer-support": "4.5.2"
          },
          "dependencies": {
            "primer-support": {
              "version": "4.5.2",
              "bundled": true
            }
          }
        },
        "primer-box": {
          "version": "2.5.5",
          "bundled": true,
          "requires": {
            "primer-support": "4.5.2"
          },
          "dependencies": {
            "primer-support": {
              "version": "4.5.2",
              "bundled": true
            }
          }
        },
        "primer-breadcrumb": {
          "version": "1.5.1",
          "bundled": true,
          "requires": {
            "primer-support": "4.5.2"
          },
          "dependencies": {
            "primer-support": {
              "version": "4.5.2",
              "bundled": true
            }
          }
        },
        "primer-buttons": {
          "version": "2.5.3",
          "bundled": true,
          "requires": {
            "primer-support": "4.5.2"
          },
          "dependencies": {
            "primer-support": {
              "version": "4.5.2",
              "bundled": true
            }
          }
        },
        "primer-forms": {
          "version": "2.1.0",
          "bundled": true,
          "requires": {
            "primer-support": "4.5.2"
          },
          "dependencies": {
            "primer-support": {
              "version": "4.5.2",
              "bundled": true
            }
          }
        },
        "primer-layout": {
          "version": "1.4.5",
          "bundled": true,
          "requires": {
            "primer-support": "4.5.2"
          },
          "dependencies": {
            "primer-support": {
              "version": "4.5.2",
              "bundled": true
            }
          }
        },
        "primer-navigation": {
          "version": "1.5.3",
          "bundled": true,
          "requires": {
            "primer-support": "4.5.2"
          },
          "dependencies": {
            "primer-support": {
              "version": "4.5.2",
              "bundled": true
            }
          }
        },
        "primer-support": {
          "version": "4.5.2",
          "bundled": true
        },
        "primer-table-object": {
          "version": "1.4.5",
          "bundled": true,
          "requires": {
            "primer-support": "4.5.2"
          },
          "dependencies": {
            "primer-support": {
              "version": "4.5.2",
              "bundled": true
            }
          }
        },
        "primer-tooltips": {
          "version": "1.5.3",
          "bundled": true,
          "requires": {
            "primer-support": "4.5.2"
          },
          "dependencies": {
            "primer-support": {
              "version": "4.5.2",
              "bundled": true
            }
          }
        },
        "primer-truncate": {
          "version": "1.4.5",
          "bundled": true,
          "requires": {
            "primer-support": "4.5.2"
          },
          "dependencies": {
            "primer-support": {
              "version": "4.5.2",
              "bundled": true
            }
          }
        },
        "primer-utilities": {
          "version": "4.9.0",
          "bundled": true,
          "requires": {
            "primer-support": "4.5.2"
          },
          "dependencies": {
            "primer-support": {
              "version": "4.5.2",
              "bundled": true
            }
          }
        }
      }
    },
    "primer-forms": {
      "version": "2.1.0",
      "requires": {
        "primer-support": "4.5.2"
      },
      "dependencies": {
        "primer-support": {
          "version": "4.5.2",
          "bundled": true
        }
      }
    },
    "primer-labels": {
      "version": "1.5.5",
      "requires": {
        "primer-support": "4.5.2"
      },
      "dependencies": {
        "primer-support": {
          "version": "4.5.2",
          "bundled": true
        }
      }
    },
    "primer-layout": {
      "version": "1.4.5",
      "requires": {
        "primer-support": "4.5.2"
      },
      "dependencies": {
        "primer-support": {
          "version": "4.5.2",
          "bundled": true
        }
      }
    },
    "primer-markdown": {
      "version": "3.7.5",
      "requires": {
        "primer-support": "4.5.2"
      },
      "dependencies": {
        "primer-support": {
          "version": "4.5.2",
          "bundled": true
        }
      }
    },
    "primer-marketing": {
      "version": "6.2.0",
      "requires": {
        "primer-marketing-buttons": "1.0.4",
        "primer-marketing-support": "1.5.0",
        "primer-marketing-type": "1.4.5",
        "primer-marketing-utilities": "1.6.1",
        "primer-page-headers": "1.4.5",
        "primer-page-sections": "1.4.5",
        "primer-support": "4.5.2",
        "primer-tables": "1.4.5"
      },
      "dependencies": {
        "primer-marketing-buttons": {
          "version": "1.0.4",
          "bundled": true,
          "requires": {
            "primer-support": "4.5.2"
          },
          "dependencies": {
            "primer-support": {
              "version": "4.5.2",
              "bundled": true
            }
          }
        },
        "primer-marketing-support": {
          "version": "1.5.0",
          "bundled": true
        },
        "primer-marketing-type": {
          "version": "1.4.5",
          "bundled": true,
          "requires": {
            "primer-marketing-support": "1.5.0",
            "primer-support": "4.5.2"
          },
          "dependencies": {
            "primer-marketing-support": {
              "version": "1.5.0",
              "bundled": true
            },
            "primer-support": {
              "version": "4.5.2",
              "bundled": true
            }
          }
        },
        "primer-marketing-utilities": {
          "version": "1.6.1",
          "bundled": true,
          "requires": {
            "primer-marketing-support": "1.5.0",
            "primer-support": "4.5.2"
          },
          "dependencies": {
            "primer-marketing-support": {
              "version": "1.5.0",
              "bundled": true
            },
            "primer-support": {
              "version": "4.5.2",
              "bundled": true
            }
          }
        },
        "primer-page-headers": {
          "version": "1.4.5",
          "bundled": true,
          "requires": {
            "primer-marketing-support": "1.5.0",
            "primer-support": "4.5.2"
          },
          "dependencies": {
            "primer-marketing-support": {
              "version": "1.5.0",
              "bundled": true
            },
            "primer-support": {
              "version": "4.5.2",
              "bundled": true
            }
          }
        },
        "primer-page-sections": {
          "version": "1.4.5",
          "bundled": true,
          "requires": {
            "primer-marketing-support": "1.5.0",
            "primer-support": "4.5.2"
          },
          "dependencies": {
            "primer-marketing-support": {
              "version": "1.5.0",
              "bundled": true
            },
            "primer-support": {
              "version": "4.5.2",
              "bundled": true
            }
          }
        },
        "primer-support": {
          "version": "4.5.2",
          "bundled": true
        },
        "primer-tables": {
          "version": "1.4.5",
          "bundled": true,
          "requires": {
            "primer-marketing-support": "1.5.0",
            "primer-support": "4.5.2"
          },
          "dependencies": {
            "primer-marketing-support": {
              "version": "1.5.0",
              "bundled": true
            },
            "primer-support": {
              "version": "4.5.2",
              "bundled": true
            }
          }
        }
      }
    },
    "primer-marketing-buttons": {
      "version": "1.0.4",
      "requires": {
        "primer-support": "4.5.2"
      },
      "dependencies": {
        "primer-support": {
          "version": "4.5.2",
          "bundled": true
        }
      }
    },
    "primer-marketing-support": {
      "version": "1.5.0"
    },
    "primer-marketing-type": {
      "version": "1.4.5",
      "requires": {
        "primer-marketing-support": "1.5.0",
        "primer-support": "4.5.2"
      },
      "dependencies": {
        "primer-marketing-support": {
          "version": "1.5.0",
          "bundled": true
        },
        "primer-support": {
          "version": "4.5.2",
          "bundled": true
        }
      }
    },
    "primer-marketing-utilities": {
      "version": "1.6.1",
      "requires": {
        "primer-marketing-support": "1.5.0",
        "primer-support": "4.5.2"
      },
      "dependencies": {
        "primer-marketing-support": {
          "version": "1.5.0",
          "bundled": true
        },
        "primer-support": {
          "version": "4.5.2",
          "bundled": true
        }
      }
    },
    "primer-navigation": {
      "version": "1.5.3",
      "requires": {
        "primer-support": "4.5.2"
      },
      "dependencies": {
        "primer-support": {
          "version": "4.5.2",
          "bundled": true
        }
      }
    },
    "primer-page-headers": {
      "version": "1.4.5",
      "requires": {
        "primer-marketing-support": "1.5.0",
        "primer-support": "4.5.2"
      },
      "dependencies": {
        "primer-marketing-support": {
          "version": "1.5.0",
          "bundled": true
        },
        "primer-support": {
          "version": "4.5.2",
          "bundled": true
        }
      }
    },
    "primer-page-sections": {
      "version": "1.4.5",
      "requires": {
        "primer-marketing-support": "1.5.0",
        "primer-support": "4.5.2"
      },
      "dependencies": {
        "primer-marketing-support": {
          "version": "1.5.0",
          "bundled": true
        },
        "primer-support": {
          "version": "4.5.2",
          "bundled": true
        }
      }
    },
    "primer-popover": {
      "version": "0.0.6",
      "requires": {
        "primer-support": "4.5.2"
      },
      "dependencies": {
        "primer-support": {
          "version": "4.5.2",
          "bundled": true
        }
      }
    },
    "primer-product": {
      "version": "5.6.2",
      "requires": {
        "primer-alerts": "1.5.5",
        "primer-avatars": "1.5.2",
        "primer-blankslate": "1.4.5",
        "primer-branch-name": "1.0.3",
        "primer-labels": "1.5.5",
        "primer-markdown": "3.7.5",
        "primer-popover": "0.0.6",
        "primer-subhead": "1.0.3",
        "primer-support": "4.5.2"
      },
      "dependencies": {
        "primer-alerts": {
          "version": "1.5.5",
          "bundled": true,
          "requires": {
            "primer-support": "4.5.2"
          },
          "dependencies": {
            "primer-support": {
              "version": "4.5.2",
              "bundled": true
            }
          }
        },
        "primer-avatars": {
          "version": "1.5.2",
          "bundled": true,
          "requires": {
            "primer-support": "4.5.2"
          },
          "dependencies": {
            "primer-support": {
              "version": "4.5.2",
              "bundled": true
            }
          }
        },
        "primer-blankslate": {
          "version": "1.4.5",
          "bundled": true,
          "requires": {
            "primer-support": "4.5.2"
          },
          "dependencies": {
            "primer-support": {
              "version": "4.5.2",
              "bundled": true
            }
          }
        },
        "primer-branch-name": {
          "version": "1.0.3",
          "bundled": true,
          "requires": {
            "primer-support": "4.5.2"
          },
          "dependencies": {
            "primer-support": {
              "version": "4.5.2",
              "bundled": true
            }
          }
        },
        "primer-labels": {
          "version": "1.5.5",
          "bundled": true,
          "requires": {
            "primer-support": "4.5.2"
          },
          "dependencies": {
            "primer-support": {
              "version": "4.5.2",
              "bundled": true
            }
          }
        },
        "primer-markdown": {
          "version": "3.7.5",
          "bundled": true,
          "requires": {
            "primer-support": "4.5.2"
          },
          "dependencies": {
            "primer-support": {
              "version": "4.5.2",
              "bundled": true
            }
          }
        },
        "primer-popover": {
          "version": "0.0.6",
          "bundled": true,
          "requires": {
            "primer-support": "4.5.2"
          },
          "dependencies": {
            "primer-support": {
              "version": "4.5.2",
              "bundled": true
            }
          }
        },
        "primer-subhead": {
          "version": "1.0.3",
          "bundled": true,
          "requires": {
            "primer-support": "4.5.2"
          },
          "dependencies": {
            "primer-support": {
              "version": "4.5.2",
              "bundled": true
            }
          }
        },
        "primer-support": {
          "version": "4.5.2",
          "bundled": true
        }
      }
    },
    "primer-subhead": {
      "version": "1.0.3",
      "requires": {
        "primer-support": "4.5.2"
      },
      "dependencies": {
        "primer-support": {
          "version": "4.5.2",
          "bundled": true
        }
      }
    },
    "primer-support": {
      "version": "4.5.2"
    },
    "primer-table-object": {
      "version": "1.4.5",
      "requires": {
        "primer-support": "4.5.2"
      },
      "dependencies": {
        "primer-support": {
          "version": "4.5.2",
          "bundled": true
        }
      }
    },
    "primer-tables": {
      "version": "1.4.5",
      "requires": {
        "primer-marketing-support": "1.5.0",
        "primer-support": "4.5.2"
      },
      "dependencies": {
        "primer-marketing-support": {
          "version": "1.5.0",
          "bundled": true
        },
        "primer-support": {
          "version": "4.5.2",
          "bundled": true
        }
      }
    },
    "primer-tooltips": {
      "version": "1.5.3",
      "requires": {
        "primer-support": "4.5.2"
      },
      "dependencies": {
        "primer-support": {
          "version": "4.5.2",
          "bundled": true
        }
      }
    },
    "primer-truncate": {
      "version": "1.4.5",
      "requires": {
        "primer-support": "4.5.2"
      },
      "dependencies": {
        "primer-support": {
          "version": "4.5.2",
          "bundled": true
        }
      }
    },
    "primer-utilities": {
      "version": "4.9.0",
      "requires": {
        "primer-support": "4.5.2"
      },
      "dependencies": {
        "primer-support": {
          "version": "4.5.2",
          "bundled": true
        }
      }
    }
  }
}
