{
  "name": "primer-core",
  "version": "6.8.0",
  "lockfileVersion": 1,
  "requires": true,
  "dependencies": {
    "primer-base": {
      "version": "1.7.0",
      "requires": {
        "primer-support": "4.5.2"
      },
      "dependencies": {
        "primer-support": {
          "version": "4.5.2",
          "bundled": true
        }
      }
    },
    "primer-box": {
      "version": "2.5.5",
      "requires": {
        "primer-support": "4.5.2"
      },
      "dependencies": {
        "primer-support": {
          "version": "4.5.2",
          "bundled": true
        }
      }
    },
    "primer-breadcrumb": {
      "version": "1.5.1",
      "requires": {
        "primer-support": "4.5.2"
      },
      "dependencies": {
        "primer-support": {
          "version": "4.5.2",
          "bundled": true
        }
      }
    },
    "primer-buttons": {
      "version": "2.5.3",
      "requires": {
        "primer-support": "4.5.2"
      },
      "dependencies": {
        "primer-support": {
          "version": "4.5.2",
          "bundled": true
        }
      }
    },
    "primer-forms": {
      "version": "2.1.0",
      "requires": {
        "primer-support": "4.5.2"
      },
      "dependencies": {
        "primer-support": {
          "version": "4.5.2",
          "bundled": true
        }
      }
    },
    "primer-layout": {
      "version": "1.4.5",
      "requires": {
        "primer-support": "4.5.2"
      },
      "dependencies": {
        "primer-support": {
          "version": "4.5.2",
          "bundled": true
        }
      }
    },
    "primer-navigation": {
      "version": "1.5.3",
      "requires": {
        "primer-support": "4.5.2"
      },
      "dependencies": {
        "primer-support": {
          "version": "4.5.2",
          "bundled": true
        }
      }
    },
    "primer-support": {
      "version": "4.5.2"
    },
    "primer-table-object": {
      "version": "1.4.5",
      "requires": {
        "primer-support": "4.5.2"
      },
      "dependencies": {
        "primer-support": {
          "version": "4.5.2",
          "bundled": true
        }
      }
    },
    "primer-tooltips": {
      "version": "1.5.3",
      "requires": {
        "primer-support": "4.5.2"
      },
      "dependencies": {
        "primer-support": {
          "version": "4.5.2",
          "bundled": true
        }
      }
    },
    "primer-truncate": {
      "version": "1.4.5",
      "requires": {
        "primer-support": "4.5.2"
      },
      "dependencies": {
        "primer-support": {
          "version": "4.5.2",
          "bundled": true
        }
      }
    },
    "primer-utilities": {
      "version": "4.9.0",
      "requires": {
        "primer-support": "4.5.2"
      },
      "dependencies": {
        "primer-support": {
          "version": "4.5.2",
          "bundled": true
        }
      }
    }
  }
}
