{
  "name": "primer-marketing",
  "version": "6.2.2",
  "lockfileVersion": 1,
  "requires": true,
  "dependencies": {
    "primer-marketing-buttons": {
      "version": "1.0.6",
      "requires": {
        "primer-support": "4.5.4"
      },
      "dependencies": {
        "primer-support": {
          "version": "4.5.4",
          "bundled": true
        }
      }
    },
    "primer-marketing-support": {
      "version": "1.5.2"
    },
    "primer-marketing-type": {
      "version": "1.4.7",
      "requires": {
        "primer-marketing-support": "1.5.2",
        "primer-support": "4.5.4"
      },
      "dependencies": {
        "primer-marketing-support": {
          "version": "1.5.2",
          "bundled": true
        },
        "primer-support": {
          "version": "4.5.4",
          "bundled": true
        }
      }
    },
    "primer-marketing-utilities": {
      "version": "1.6.3",
      "requires": {
        "primer-marketing-support": "1.5.2",
        "primer-support": "4.5.4"
      },
      "dependencies": {
        "primer-marketing-support": {
          "version": "1.5.2",
          "bundled": true
        },
        "primer-support": {
          "version": "4.5.4",
          "bundled": true
        }
      }
    },
    "primer-page-headers": {
      "version": "1.4.7",
      "requires": {
        "primer-marketing-support": "1.5.2",
        "primer-support": "4.5.4"
      },
      "dependencies": {
        "primer-marketing-support": {
          "version": "1.5.2",
          "bundled": true
        },
        "primer-support": {
          "version": "4.5.4",
          "bundled": true
        }
      }
    },
    "primer-page-sections": {
      "version": "1.4.7",
      "requires": {
        "primer-marketing-support": "1.5.2",
        "primer-support": "4.5.4"
      },
      "dependencies": {
        "primer-marketing-support": {
          "version": "1.5.2",
          "bundled": true
        },
        "primer-support": {
          "version": "4.5.4",
          "bundled": true
        }
      }
    },
    "primer-support": {
      "version": "4.5.4"
    },
    "primer-tables": {
      "version": "1.4.7",
      "requires": {
        "primer-marketing-support": "1.5.2",
        "primer-support": "4.5.4"
      },
      "dependencies": {
        "primer-marketing-support": {
          "version": "1.5.2",
          "bundled": true
        },
        "primer-support": {
          "version": "4.5.4",
          "bundled": true
        }
      }
    }
  }
}
